
Microsoft Visual Studio Solution File, Format Version 12.00
# Visual Studio Version 17
VisualStudioVersion = 17.11.35327.3
MinimumVisualStudioVersion = 10.0.40219.1
Project("{FAE04EC0-301F-11D3-BF4B-00C04F79EFBC}") = "CrudCliente", "CrudCliente\CrudCliente.csproj", "{1E3E07F2-70CF-4576-976A-644DB843E6F9}"
EndProject
Global
	GlobalSection(SolutionConfigurationPlatforms) = preSolution
		Debug|Any CPU = Debug|Any CPU
		Release|Any CPU = Release|Any CPU
	EndGlobalSection
	GlobalSection(ProjectConfigurationPlatforms) = postSolution
		{1E3E07F2-70CF-4576-976A-644DB843E6F9}.Debug|Any CPU.ActiveCfg = Debug|Any CPU
		{1E3E07F2-70CF-4576-976A-644DB843E6F9}.Debug|Any CPU.Build.0 = Debug|Any CPU
		{1E3E07F2-70CF-4576-976A-644DB843E6F9}.Release|Any CPU.ActiveCfg = Release|Any CPU
		{1E3E07F2-70CF-4576-976A-644DB843E6F9}.Release|Any CPU.Build.0 = Release|Any CPU
	EndGlobalSection
	GlobalSection(SolutionProperties) = preSolution
		HideSolutionNode = FALSE
	EndGlobalSection
	GlobalSection(ExtensibilityGlobals) = postSolution
		SolutionGuid = {7236DD89-37B1-403D-A669-587009FAB19C}
	EndGlobalSection
EndGlobal
